[[package]]
name = "discord-pretty-help"
version = "1.3.2"
description = "And nicer looking interactive help menu for discord.py"
category = "main"
optional = false
python-versions = ">=3.6,<4.0"

[metadata]
lock-version = "1.1"
python-versions = "^3.8"
content-hash = "e68dd0008e544af790a82c1962ce70b85fa194f5c741c7dc30e473702ffff81b"

[metadata.files]
discord-pretty-help = [
    {file = "discord-pretty-help-1.3.2.tar.gz", hash = "sha256:4dce6840583a7054f7604af888c14584e477256ac203b456faba64cfeca20be5"},
    {file = "discord_pretty_help-1.3.2-py3-none-any.whl", hash = "sha256:61bc6cf2ddb3ac91773d4678ba18a6f3e28396ff10f1c1c09a62f18411793f14"},
]
